
Microsoft Visual Studio Solution File, Format Version 12.00
# Visual Studio Version 16
VisualStudioVersion = 16.0.30413.136
MinimumVisualStudioVersion = 10.0.40219.1
Project("{FAE04EC0-301F-11D3-BF4B-00C04F79EFBC}") = "Inventurprogramm", "Inventurprogramm.csproj", "{A89B6625-18B2-4D29-B23E-246A0439E523}"
EndProject
Global
	GlobalSection(SolutionConfigurationPlatforms) = preSolution
		Debug|Any CPU = Debug|Any CPU
		Release|Any CPU = Release|Any CPU
	EndGlobalSection
	GlobalSection(ProjectConfigurationPlatforms) = postSolution
		{A89B6625-18B2-4D29-B23E-246A0439E523}.Debug|Any CPU.ActiveCfg = Debug|Any CPU
		{A89B6625-18B2-4D29-B23E-246A0439E523}.Debug|Any CPU.Build.0 = Debug|Any CPU
		{A89B6625-18B2-4D29-B23E-246A0439E523}.Release|Any CPU.ActiveCfg = Release|Any CPU
		{A89B6625-18B2-4D29-B23E-246A0439E523}.Release|Any CPU.Build.0 = Release|Any CPU
	EndGlobalSection
	GlobalSection(SolutionProperties) = preSolution
		HideSolutionNode = FALSE
	EndGlobalSection
	GlobalSection(ExtensibilityGlobals) = postSolution
		SolutionGuid = {8B13DA00-1A76-4A8E-8905-802E5C5AA755}
	EndGlobalSection
EndGlobal
